// !$*UTF8*$!
{
	archiveVersion = 1;
	classes = {
	};
	objectVersion = 46;
	objects = {

/* Begin PBXBuildFile section */
		04C0BCCB1F39B46200204A8F /* AppDelegate.swift in Sources */ = {isa = PBXBuildFile; fileRef = 04C0BCCA1F39B46200204A8F /* AppDelegate.swift */; };
		04C0BCCD1F39B46200204A8F /* ViewController.swift in Sources */ = {isa = PBXBuildFile; fileRef = 04C0BCCC1F39B46200204A8F /* ViewController.swift */; };
		04C0BCD01F39B46200204A8F /* Main.storyboard in Resources */ = {isa = PBXBuildFile; fileRef = 04C0BCCE1F39B46200204A8F /* Main.storyboard */; };
		04C0BCD21F39B46200204A8F /* Assets.xcassets in Resources */ = {isa = PBXBuildFile; fileRef = 04C0BCD11F39B46200204A8F /* Assets.xcassets */; };
		04C0BCD51F39B46200204A8F /* LaunchScreen.storyboard in Resources */ = {isa = PBXBuildFile; fileRef = 04C0BCD31F39B46200204A8F /* LaunchScreen.storyboard */; };
		04C0BCE01F39B46200204A8F /* AndreiSocialTests.swift in Sources */ = {isa = PBXBuildFile; fileRef = 04C0BCDF1F39B46200204A8F /* AndreiSocialTests.swift */; };
/* End PBXBuildFile section */

/* Begin PBXContainerItemProxy section */
		04C0BCDC1F39B46200204A8F /* PBXContainerItemProxy */ = {
			isa = PBXContainerItemProxy;
			containerPortal = 04C0BCBF1F39B46200204A8F /* Project object */;
			proxyType = 1;
			remoteGlobalIDString = 04C0BCC61F39B46200204A8F;
			remoteInfo = AndreiSocial;
		};
/* End PBXContainerItemProxy section */

/* Begin PBXFileReference section */
		04C0BCC71F39B46200204A8F /* AndreiSocial.app */ = {isa = PBXFileReference; explicitFileType = wrapper.application; includeInIndex = 0; path = AndreiSocial.app; sourceTree = BUILT_PRODUCTS_DIR; };
		04C0BCCA1F39B46200204A8F /* AppDelegate.swift */ = {isa = PBXFileReference; lastKnownFileType = sourcecode.swift; path = AppDelegate.swift; sourceTree = "<group>"; };
		04C0BCCC1F39B46200204A8F /* ViewController.swift */ = {isa = PBXFileReference; lastKnownFileType = sourcecode.swift; path = ViewController.swift; sourceTree = "<group>"; };
		04C0BCCF1F39B46200204A8F /* Base */ = {isa = PBXFileReference; lastKnownFileType = file.storyboard; name = Base; path = Base.lproj/Main.storyboard; sourceTree = "<group>"; };
		04C0BCD11F39B46200204A8F /* Assets.xcassets */ = {isa = PBXFileReference; lastKnownFileType = folder.assetcatalog; path = Assets.xcassets; sourceTree = "<group>"; };
		04C0BCD41F39B46200204A8F /* Base */ = {isa = PBXFileReference; lastKnownFileType = file.storyboard; name = Base; path = Base.lproj/LaunchScreen.storyboard; sourceTree = "<group>"; };
		04C0BCD61F39B46200204A8F /* Info.plist */ = {isa = PBXFileReference; lastKnownFileType = text.plist.xml; path = Info.plist; sourceTree = "<group>"; };
		04C0BCDB1F39B46200204A8F /* AndreiSocialTests.xctest */ = {isa = PBXFileReference; explicitFileType = wrapper.cfbundle; includeInIndex = 0; path = AndreiSocialTests.xctest; sourceTree = BUILT_PRODUCTS_DIR; };
		04C0BCDF1F39B46200204A8F /* AndreiSocialTests.swift */ = {isa = PBXFileReference; lastKnownFileType = sourcecode.swift; path = AndreiSocialTests.swift; sourceTree = "<group>"; };
		04C0BCE11F39B46200204A8F /* Info.plist */ = {isa = PBXFileReference; lastKnownFileType = text.plist.xml; path = Info.plist; sourceTree = "<group>"; };
/* End PBXFileReference section */

/* Begin PBXFrameworksBuildPhase section */
		04C0BCC41F39B46200204A8F /* Frameworks */ = {
			isa = PBXFrameworksBuildPhase;
			buildActionMask = 2147483647;
			files = (
			);
			runOnlyForDeploymentPostprocessing = 0;
		};
		04C0BCD81F39B46200204A8F /* Frameworks */ = {
			isa = PBXFrameworksBuildPhase;
			buildActionMask = 2147483647;
			files = (
			);
			runOnlyForDeploymentPostprocessing = 0;
		};
/* End PBXFrameworksBuildPhase section */

/* Begin PBXGroup section */
		04C0BCBE1F39B46200204A8F = {
			isa = PBXGroup;
			children = (
				04C0BCC91F39B46200204A8F /* AndreiSocial */,
				04C0BCDE1F39B46200204A8F /* AndreiSocialTests */,
				04C0BCC81F39B46200204A8F /* Products */,
			);
			sourceTree = "<group>";
		};
		04C0BCC81F39B46200204A8F /* Products */ = {
			isa = PBXGroup;
			children = (
				04C0BCC71F39B46200204A8F /* AndreiSocial.app */,
				04C0BCDB1F39B46200204A8F /* AndreiSocialTests.xctest */,
			);
			name = Products;
			sourceTree = "<group>";
		};
		04C0BCC91F39B46200204A8F /* AndreiSocial */ = {
			isa = PBXGroup;
			children = (
				04C0BCCA1F39B46200204A8F /* AppDelegate.swift */,
				04C0BCCC1F39B46200204A8F /* ViewController.swift */,
				04C0BCCE1F39B46200204A8F /* Main.storyboard */,
				04C0BCD11F39B46200204A8F /* Assets.xcassets */,
				04C0BCD31F39B46200204A8F /* LaunchScreen.storyboard */,
				04C0BCD61F39B46200204A8F /* Info.plist */,
			);
			path = AndreiSocial;
			sourceTree = "<group>";
		};
		04C0BCDE1F39B46200204A8F /* AndreiSocialTests */ = {
			isa = PBXGroup;
			children = (
				04C0BCDF1F39B46200204A8F /* AndreiSocialTests.swift */,
				04C0BCE11F39B46200204A8F /* Info.plist */,
			);
			path = AndreiSocialTests;
			sourceTree = "<group>";
		};
/* End PBXGroup section */

/* Begin PBXNativeTarget section */
		04C0BCC61F39B46200204A8F /* AndreiSocial */ = {
			isa = PBXNativeTarget;
			buildConfigurationList = 04C0BCE41F39B46200204A8F /* Build configuration list for PBXNativeTarget "AndreiSocial" */;
			buildPhases = (
				04C0BCC31F39B46200204A8F /* Sources */,
				04C0BCC41F39B46200204A8F /* Frameworks */,
				04C0BCC51F39B46200204A8F /* Resources */,
			);
			buildRules = (
			);
			dependencies = (
			);
			name = AndreiSocial;
			productName = AndreiSocial;
			productReference = 04C0BCC71F39B46200204A8F /* AndreiSocial.app */;
			productType = "com.apple.product-type.application";
		};
		04C0BCDA1F39B46200204A8F /* AndreiSocialTests */ = {
			isa = PBXNativeTarget;
			buildConfigurationList = 04C0BCE71F39B46200204A8F /* Build configuration list for PBXNativeTarget "AndreiSocialTests" */;
			buildPhases = (
				04C0BCD71F39B46200204A8F /* Sources */,
				04C0BCD81F39B46200204A8F /* Frameworks */,
				04C0BCD91F39B46200204A8F /* Resources */,
			);
			buildRules = (
			);
			dependencies = (
				04C0BCDD1F39B46200204A8F /* PBXTargetDependency */,
			);
			name = AndreiSocialTests;
			productName = AndreiSocialTests;
			productReference = 04C0BCDB1F39B46200204A8F /* AndreiSocialTests.xctest */;
			productType = "com.apple.product-type.bundle.unit-test";
		};
/* End PBXNativeTarget section */

/* Begin PBXProject section */
		04C0BCBF1F39B46200204A8F /* Project object */ = {
			isa = PBXProject;
			attributes = {
				LastSwiftUpdateCheck = 0830;
				LastUpgradeCheck = 0830;
				ORGANIZATIONNAME = Mac;
				TargetAttributes = {
					04C0BCC61F39B46200204A8F = {
						CreatedOnToolsVersion = 8.3.3;
						DevelopmentTeam = 945V6ZBHK3;
						ProvisioningStyle = Automatic;
					};
					04C0BCDA1F39B46200204A8F = {
						CreatedOnToolsVersion = 8.3.3;
						DevelopmentTeam = 945V6ZBHK3;
						ProvisioningStyle = Automatic;
						TestTargetID = 04C0BCC61F39B46200204A8F;
					};
				};
			};
			buildConfigurationList = 04C0BCC21F39B46200204A8F /* Build configuration list for PBXProject "AndreiSocial" */;
			compatibilityVersion = "Xcode 3.2";
			developmentRegion = English;
			hasScannedForEncodings = 0;
			knownRegions = (
				en,
				Base,
			);
			mainGroup = 04C0BCBE1F39B46200204A8F;
			productRefGroup = 04C0BCC81F39B46200204A8F /* Products */;
			projectDirPath = "";
			projectRoot = "";
			targets = (
				04C0BCC61F39B46200204A8F /* AndreiSocial */,
				04C0BCDA1F39B46200204A8F /* AndreiSocialTests */,
			);
		};
/* End PBXProject section */

/* Begin PBXResourcesBuildPhase section */
		04C0BCC51F39B46200204A8F /* Resources */ = {
			isa = PBXResourcesBuildPhase;
			buildActionMask = 2147483647;
			files = (
				04C0BCD51F39B46200204A8F /* LaunchScreen.storyboard in Resources */,
				04C0BCD21F39B46200204A8F /* Assets.xcassets in Resources */,
				04C0BCD01F39B46200204A8F /* Main.storyboard in Resources */,
			);
			runOnlyForDeploymentPostprocessing = 0;
		};
		04C0BCD91F39B46200204A8F /* Resources */ = {
			isa = PBXResourcesBuildPhase;
			buildActionMask = 2147483647;
			files = (
			);
			runOnlyForDeploymentPostprocessing = 0;
		};
/* End PBXResourcesBuildPhase section */

/* Begin PBXSourcesBuildPhase section */
		04C0BCC31F39B46200204A8F /* Sources */ = {
			isa = PBXSourcesBuildPhase;
			buildActionMask = 2147483647;
			files = (
				04C0BCCD1F39B46200204A8F /* ViewController.swift in Sources */,
				04C0BCCB1F39B46200204A8F /* AppDelegate.swift in Sources */,
			);
			runOnlyForDeploymentPostprocessing = 0;
		};
		04C0BCD71F39B46200204A8F /* Sources */ = {
			isa = PBXSourcesBuildPhase;
			buildActionMask = 2147483647;
			files = (
				04C0BCE01F39B46200204A8F /* AndreiSocialTests.swift in Sources */,
			);
			runOnlyForDeploymentPostprocessing = 0;
		};
/* End PBXSourcesBuildPhase section */

/* Begin PBXTargetDependency section */
		04C0BCDD1F39B46200204A8F /* PBXTargetDependency */ = {
			isa = PBXTargetDependency;
			target = 04C0BCC61F39B46200204A8F /* AndreiSocial */;
			targetProxy = 04C0BCDC1F39B46200204A8F /* PBXContainerItemProxy */;
		};
/* End PBXTargetDependency section */

/* Begin PBXVariantGroup section */
		04C0BCCE1F39B46200204A8F /* Main.storyboard */ = {
			isa = PBXVariantGroup;
			children = (
				04C0BCCF1F39B46200204A8F /* Base */,
			);
			name = Main.storyboard;
			sourceTree = "<group>";
		};
		04C0BCD31F39B46200204A8F /* LaunchScreen.storyboard */ = {
			isa = PBXVariantGroup;
			children = (
				04C0BCD41F39B46200204A8F /* Base */,
			);
			name = LaunchScreen.storyboard;
			sourceTree = "<group>";
		};
/* End PBXVariantGroup section */

/* Begin XCBuildConfiguration section */
		04C0BCE21F39B46200204A8F /* Debug */ = {
			isa = XCBuildConfiguration;
			buildSettings = {
				ALWAYS_SEARCH_USER_PATHS = NO;
				CLANG_ANALYZER_NONNULL = YES;
				CLANG_ANALYZER_NUMBER_OBJECT_CONVERSION = YES_AGGRESSIVE;
				CLANG_CXX_LANGUAGE_STANDARD = "gnu++0x";
				CLANG_CXX_LIBRARY = "libc++";
				CLANG_ENABLE_MODULES = YES;
				CLANG_ENABLE_OBJC_ARC = YES;
				CLANG_WARN_BOOL_CONVERSION = YES;
				CLANG_WARN_CONSTANT_CONVERSION = YES;
				CLANG_WARN_DIRECT_OBJC_ISA_USAGE = YES_ERROR;
				CLANG_WARN_DOCUMENTATION_COMMENTS = YES;
				CLANG_WARN_EMPTY_BODY = YES;
				CLANG_WARN_ENUM_CONVERSION = YES;
				CLANG_WARN_INFINITE_RECURSION = YES;
				CLANG_WARN_INT_CONVERSION = YES;
				CLANG_WARN_OBJC_ROOT_CLASS = YES_ERROR;
				CLANG_WARN_SUSPICIOUS_MOVE = YES;
				CLANG_WARN_UNREACHABLE_CODE = YES;
				CLANG_WARN__DUPLICATE_METHOD_MATCH = YES;
				"CODE_SIGN_IDENTITY[sdk=iphoneos*]" = "iPhone Developer";
				COPY_PHASE_STRIP = NO;
				DEBUG_INFORMATION_FORMAT = dwarf;
				ENABLE_STRICT_OBJC_MSGSEND = YES;
				ENABLE_TESTABILITY = YES;
				GCC_C_LANGUAGE_STANDARD = gnu99;
				GCC_DYNAMIC_NO_PIC = NO;
				GCC_NO_COMMON_BLOCKS = YES;
				GCC_OPTIMIZATION_LEVEL = 0;
				GCC_PREPROCESSOR_DEFINITIONS = (
					"DEBUG=1",
					"$(inherited)",
				);
				GCC_WARN_64_TO_32_BIT_CONVERSION = YES;
				GCC_WARN_ABOUT_RETURN_TYPE = YES_ERROR;
				GCC_WARN_UNDECLARED_SELECTOR = YES;
				GCC_WARN_UNINITIALIZED_AUTOS = YES_AGGRESSIVE;
				GCC_WARN_UNUSED_FUNCTION = YES;
				GCC_WARN_UNUSED_VARIABLE = YES;
				IPHONEOS_DEPLOYMENT_TARGET = 10.3;
				MTL_ENABLE_DEBUG_INFO = YES;
				ONLY_ACTIVE_ARCH = YES;
				SDKROOT = iphoneos;
				SWIFT_ACTIVE_COMPILATION_CONDITIONS = DEBUG;
				SWIFT_OPTIMIZATION_LEVEL = "-Onone";
			};
			name = Debug;
		};
		04C0BCE31F39B46200204A8F /* Release */ = {
			isa = XCBuildConfiguration;
			buildSettings = {
				ALWAYS_SEARCH_USER_PATHS = NO;
				CLANG_ANALYZER_NONNULL = YES;
				CLANG_ANALYZER_NUMBER_OBJECT_CONVERSION = YES_AGGRESSIVE;
				CLANG_CXX_LANGUAGE_STANDARD = "gnu++0x";
				CLANG_CXX_LIBRARY = "libc++";
				CLANG_ENABLE_MODULES = YES;
				CLANG_ENABLE_OBJC_ARC = YES;
				CLANG_WARN_BOOL_CONVERSION = YES;
				CLANG_WARN_CONSTANT_CONVERSION = YES;
				CLANG_WARN_DIRECT_OBJC_ISA_USAGE = YES_ERROR;
				CLANG_WARN_DOCUMENTATION_COMMENTS = YES;
				CLANG_WARN_EMPTY_BODY = YES;
				CLANG_WARN_ENUM_CONVERSION = YES;
				CLANG_WARN_INFINITE_RECURSION = YES;
				CLANG_WARN_INT_CONVERSION = YES;
				CLANG_WARN_OBJC_ROOT_CLASS = YES_ERROR;
				CLANG_WARN_SUSPICIOUS_MOVE = YES;
				CLANG_WARN_UNREACHABLE_CODE = YES;
				CLANG_WARN__DUPLICATE_METHOD_MATCH = YES;
				"CODE_SIGN_IDENTITY[sdk=iphoneos*]" = "iPhone Developer";
				COPY_PHASE_STRIP = NO;
				DEBUG_INFORMATION_FORMAT = "dwarf-with-dsym";
				ENABLE_NS_ASSERTIONS = NO;
				ENABLE_STRICT_OBJC_MSGSEND = YES;
				GCC_C_LANGUAGE_STANDARD = gnu99;
				GCC_NO_COMMON_BLOCKS = YES;
				GCC_WARN_64_TO_32_BIT_CONVERSION = YES;
				GCC_WARN_ABOUT_RETURN_TYPE = YES_ERROR;
				GCC_WARN_UNDECLARED_SELECTOR = YES;
				GCC_WARN_UNINITIALIZED_AUTOS = YES_AGGRESSIVE;
				GCC_WARN_UNUSED_FUNCTION = YES;
				GCC_WARN_UNUSED_VARIABLE = YES;
				IPHONEOS_DEPLOYMENT_TARGET = 10.3;
				MTL_ENABLE_DEBUG_INFO = NO;
				SDKROOT = iphoneos;
				SWIFT_OPTIMIZATION_LEVEL = "-Owholemodule";
				VALIDATE_PRODUCT = YES;
			};
			name = Release;
		};
		04C0BCE51F39B46200204A8F /* Debug */ = {
			isa = XCBuildConfiguration;
			buildSettings = {
				ASSETCATALOG_COMPILER_APPICON_NAME = AppIcon;
				DEVELOPMENT_TEAM = 945V6ZBHK3;
				INFOPLIST_FILE = AndreiSocial/Info.plist;
				LD_RUNPATH_SEARCH_PATHS = "$(inherited) @executable_path/Frameworks";
				PRODUCT_BUNDLE_IDENTIFIER = com.andreiolteanu.AndreiSocial;
				PRODUCT_NAME = "$(TARGET_NAME)";
				SWIFT_VERSION = 3.0;
			};
			name = Debug;
		};
		04C0BCE61F39B46200204A8F /* Release */ = {
			isa = XCBuildConfiguration;
			buildSettings = {
				ASSETCATALOG_COMPILER_APPICON_NAME = AppIcon;
				DEVELOPMENT_TEAM = 945V6ZBHK3;
				INFOPLIST_FILE = AndreiSocial/Info.plist;
				LD_RUNPATH_SEARCH_PATHS = "$(inherited) @executable_path/Frameworks";
				PRODUCT_BUNDLE_IDENTIFIER = com.andreiolteanu.AndreiSocial;
				PRODUCT_NAME = "$(TARGET_NAME)";
				SWIFT_VERSION = 3.0;
			};
			name = Release;
		};
		04C0BCE81F39B46200204A8F /* Debug */ = {
			isa = XCBuildConfiguration;
			buildSettings = {
				ALWAYS_EMBED_SWIFT_STANDARD_LIBRARIES = YES;
				BUNDLE_LOADER = "$(TEST_HOST)";
				DEVELOPMENT_TEAM = 945V6ZBHK3;
				INFOPLIST_FILE = AndreiSocialTests/Info.plist;
				LD_RUNPATH_SEARCH_PATHS = "$(inherited) @executable_path/Frameworks @loader_path/Frameworks";
				PRODUCT_BUNDLE_IDENTIFIER = com.andreiolteanu.AndreiSocialTests;
				PRODUCT_NAME = "$(TARGET_NAME)";
				SWIFT_VERSION = 3.0;
				TEST_HOST = "$(BUILT_PRODUCTS_DIR)/AndreiSocial.app/AndreiSocial";
			};
			name = Debug;
		};
		04C0BCE91F39B46200204A8F /* Release */ = {
			isa = XCBuildConfiguration;
			buildSettings = {
				ALWAYS_EMBED_SWIFT_STANDARD_LIBRARIES = YES;
				BUNDLE_LOADER = "$(TEST_HOST)";
				DEVELOPMENT_TEAM = 945V6ZBHK3;
				INFOPLIST_FILE = AndreiSocialTests/Info.plist;
				LD_RUNPATH_SEARCH_PATHS = "$(inherited) @executable_path/Frameworks @loader_path/Frameworks";
				PRODUCT_BUNDLE_IDENTIFIER = com.andreiolteanu.AndreiSocialTests;
				PRODUCT_NAME = "$(TARGET_NAME)";
				SWIFT_VERSION = 3.0;
				TEST_HOST = "$(BUILT_PRODUCTS_DIR)/AndreiSocial.app/AndreiSocial";
			};
			name = Release;
		};
/* End XCBuildConfiguration section */

/* Begin XCConfigurationList section */
		04C0BCC21F39B46200204A8F /* Build configuration list for PBXProject "AndreiSocial" */ = {
			isa = XCConfigurationList;
			buildConfigurations = (
				04C0BCE21F39B46200204A8F /* Debug */,
				04C0BCE31F39B46200204A8F /* Release */,
			);
			defaultConfigurationIsVisible = 0;
			defaultConfigurationName = Release;
		};
		04C0BCE41F39B46200204A8F /* Build configuration list for PBXNativeTarget "AndreiSocial" */ = {
			isa = XCConfigurationList;
			buildConfigurations = (
				04C0BCE51F39B46200204A8F /* Debug */,
				04C0BCE61F39B46200204A8F /* Release */,
			);
			defaultConfigurationIsVisible = 0;
		};
		04C0BCE71F39B46200204A8F /* Build configuration list for PBXNativeTarget "AndreiSocialTests" */ = {
			isa = XCConfigurationList;
			buildConfigurations = (
				04C0BCE81F39B46200204A8F /* Debug */,
				04C0BCE91F39B46200204A8F /* Release */,
			);
			defaultConfigurationIsVisible = 0;
		};
/* End XCConfigurationList section */
	};
	rootObject = 04C0BCBF1F39B46200204A8F /* Project object */;
}
